version = 1
revision = 2
requires-python = ">=3.13"

[[package]]
name = "findteam"
version = "0.1.0"
source = { virtual = "." }
dependencies = [
    { name = "punq" },
]

[package.metadata]
requires-dist = [{ name = "punq", specifier = ">=0.7.0" }]

[[package]]
name = "punq"
version = "0.7.0"
source = { registry = "https://pypi.org/simple" }
sdist = { url = "https://files.pythonhosted.org/packages/e6/f1/c31e86ce1ab85837d8e6a6868163bae3afaef01c49d45f1bfa479c1a5b90/punq-0.7.0.tar.gz", hash = "sha256:bb7a6cc75a2e7d51b861b0e11f4830a12617b3ee33dbced9ce2be6a98ba39d63", size = 7254, upload-time = "2023-11-06T10:45:19.945Z" }
wheels = [
    { url = "https://files.pythonhosted.org/packages/92/6a/c89602766d4416371eb801c3de89eda45fcea4435836ba7c01d1da88d47a/punq-0.7.0-py3-none-any.whl", hash = "sha256:7e0aca446c36a73674ec3fc078ec5e90e7a172ee349537d075ff20d73c3b1810", size = 7719, upload-time = "2023-11-06T10:45:18.118Z" },
]
